
Microsoft Visual Studio Solution File, Format Version 12.00
# Visual Studio Version 16
VisualStudioVersion = 16.0.32126.315
MinimumVisualStudioVersion = 10.0.40219.1
Project("{9A19103F-16F7-4668-BE54-9A1E7A4F7556}") = "Bookstore", "Bookstore\Bookstore.csproj", "{07CD7AA1-922A-4DA9-A50F-217A909564B3}"
EndProject
Global
	GlobalSection(SolutionConfigurationPlatforms) = preSolution
		Debug|Any CPU = Debug|Any CPU
		Release|Any CPU = Release|Any CPU
	EndGlobalSection
	GlobalSection(ProjectConfigurationPlatforms) = postSolution
		{07CD7AA1-922A-4DA9-A50F-217A909564B3}.Debug|Any CPU.ActiveCfg = Debug|Any CPU
		{07CD7AA1-922A-4DA9-A50F-217A909564B3}.Debug|Any CPU.Build.0 = Debug|Any CPU
		{07CD7AA1-922A-4DA9-A50F-217A909564B3}.Release|Any CPU.ActiveCfg = Release|Any CPU
		{07CD7AA1-922A-4DA9-A50F-217A909564B3}.Release|Any CPU.Build.0 = Release|Any CPU
	EndGlobalSection
	GlobalSection(SolutionProperties) = preSolution
		HideSolutionNode = FALSE
	EndGlobalSection
	GlobalSection(ExtensibilityGlobals) = postSolution
		SolutionGuid = {8F7FC1D8-D1AA-4895-986C-B50298A18987}
	EndGlobalSection
EndGlobal
